
Microsoft Visual Studio Solution File, Format Version 12.00
Project("{FAE04EC0-301F-11D3-BF4B-00C04F79EFBC}") = "ReportsApi", "ReportsApi.csproj", "{C94F10C5-CFEA-4806-9B6D-CCD51945D509}"
EndProject
Project("{2150E333-8FDC-42A3-9474-1A3956D46DE8}") = "Solution Items", "Solution Items", "{5A29272B-BABD-48F4-B582-E8C807A25680}"
	ProjectSection(SolutionItems) = preProject
		compose.yaml = compose.yaml
	EndProjectSection
EndProject
Global
	GlobalSection(SolutionConfigurationPlatforms) = preSolution
		Debug|Any CPU = Debug|Any CPU
		Release|Any CPU = Release|Any CPU
	EndGlobalSection
	GlobalSection(ProjectConfigurationPlatforms) = postSolution
		{C94F10C5-CFEA-4806-9B6D-CCD51945D509}.Debug|Any CPU.ActiveCfg = Debug|Any CPU
		{C94F10C5-CFEA-4806-9B6D-CCD51945D509}.Debug|Any CPU.Build.0 = Debug|Any CPU
		{C94F10C5-CFEA-4806-9B6D-CCD51945D509}.Release|Any CPU.ActiveCfg = Release|Any CPU
		{C94F10C5-CFEA-4806-9B6D-CCD51945D509}.Release|Any CPU.Build.0 = Release|Any CPU
	EndGlobalSection
EndGlobal
